
Microsoft Visual Studio Solution File, Format Version 12.00
# Visual Studio Version 17
VisualStudioVersion = 17.3.32811.315
MinimumVisualStudioVersion = 10.0.40219.1
Project("{9A19103F-16F7-4668-BE54-9A1E7A4F7556}") = "UI parcial", "UI parcial.csproj", "{C2A06BE6-50DF-46FD-9DC4-AC8DAF7DB3B6}"
EndProject
Project("{9A19103F-16F7-4668-BE54-9A1E7A4F7556}") = "Entidades", "..\Entidades\Entidades.csproj", "{3BD715FA-6A47-45E8-9A9C-036779E5BDC3}"
EndProject
Project("{9A19103F-16F7-4668-BE54-9A1E7A4F7556}") = "FormLogin", "..\Login\FormLogin.csproj", "{A3C52F92-E0B1-4C81-A659-E20A59900CC2}"
EndProject
Project("{9A19103F-16F7-4668-BE54-9A1E7A4F7556}") = "FormAltaVuelo", "..\AltaVuelo\FormAltaVuelo.csproj", "{665AFD5C-66B8-43FF-B677-ACA7E6AEBDDD}"
EndProject
Project("{9A19103F-16F7-4668-BE54-9A1E7A4F7556}") = "FormAltaPasaje", "..\AltaPasaje\FormAltaPasaje.csproj", "{718B9AC3-6E61-49E3-B412-97904B69651A}"
EndProject
Project("{9A19103F-16F7-4668-BE54-9A1E7A4F7556}") = "FormAltaPasajero", "..\AltaCliente\FormAltaPasajero.csproj", "{C2E5A00E-2DFB-4C6F-B0A9-A3BDF5005A43}"
EndProject
Project("{FAE04EC0-301F-11D3-BF4B-00C04F79EFBC}") = "VistaPasajes", "..\VistaPasajes\VistaPasajes.csproj", "{207FB44D-154A-4272-8E46-DC35678D2BA6}"
EndProject
Global
	GlobalSection(SolutionConfigurationPlatforms) = preSolution
		Debug|Any CPU = Debug|Any CPU
		Release|Any CPU = Release|Any CPU
	EndGlobalSection
	GlobalSection(ProjectConfigurationPlatforms) = postSolution
		{C2A06BE6-50DF-46FD-9DC4-AC8DAF7DB3B6}.Debug|Any CPU.ActiveCfg = Debug|Any CPU
		{C2A06BE6-50DF-46FD-9DC4-AC8DAF7DB3B6}.Debug|Any CPU.Build.0 = Debug|Any CPU
		{C2A06BE6-50DF-46FD-9DC4-AC8DAF7DB3B6}.Release|Any CPU.ActiveCfg = Release|Any CPU
		{C2A06BE6-50DF-46FD-9DC4-AC8DAF7DB3B6}.Release|Any CPU.Build.0 = Release|Any CPU
		{3BD715FA-6A47-45E8-9A9C-036779E5BDC3}.Debug|Any CPU.ActiveCfg = Debug|Any CPU
		{3BD715FA-6A47-45E8-9A9C-036779E5BDC3}.Debug|Any CPU.Build.0 = Debug|Any CPU
		{3BD715FA-6A47-45E8-9A9C-036779E5BDC3}.Release|Any CPU.ActiveCfg = Release|Any CPU
		{3BD715FA-6A47-45E8-9A9C-036779E5BDC3}.Release|Any CPU.Build.0 = Release|Any CPU
		{A3C52F92-E0B1-4C81-A659-E20A59900CC2}.Debug|Any CPU.ActiveCfg = Debug|Any CPU
		{A3C52F92-E0B1-4C81-A659-E20A59900CC2}.Debug|Any CPU.Build.0 = Debug|Any CPU
		{A3C52F92-E0B1-4C81-A659-E20A59900CC2}.Release|Any CPU.ActiveCfg = Release|Any CPU
		{A3C52F92-E0B1-4C81-A659-E20A59900CC2}.Release|Any CPU.Build.0 = Release|Any CPU
		{665AFD5C-66B8-43FF-B677-ACA7E6AEBDDD}.Debug|Any CPU.ActiveCfg = Debug|Any CPU
		{665AFD5C-66B8-43FF-B677-ACA7E6AEBDDD}.Debug|Any CPU.Build.0 = Debug|Any CPU
		{665AFD5C-66B8-43FF-B677-ACA7E6AEBDDD}.Release|Any CPU.ActiveCfg = Release|Any CPU
		{665AFD5C-66B8-43FF-B677-ACA7E6AEBDDD}.Release|Any CPU.Build.0 = Release|Any CPU
		{718B9AC3-6E61-49E3-B412-97904B69651A}.Debug|Any CPU.ActiveCfg = Debug|Any CPU
		{718B9AC3-6E61-49E3-B412-97904B69651A}.Debug|Any CPU.Build.0 = Debug|Any CPU
		{718B9AC3-6E61-49E3-B412-97904B69651A}.Release|Any CPU.ActiveCfg = Release|Any CPU
		{718B9AC3-6E61-49E3-B412-97904B69651A}.Release|Any CPU.Build.0 = Release|Any CPU
		{C2E5A00E-2DFB-4C6F-B0A9-A3BDF5005A43}.Debug|Any CPU.ActiveCfg = Debug|Any CPU
		{C2E5A00E-2DFB-4C6F-B0A9-A3BDF5005A43}.Debug|Any CPU.Build.0 = Debug|Any CPU
		{C2E5A00E-2DFB-4C6F-B0A9-A3BDF5005A43}.Release|Any CPU.ActiveCfg = Release|Any CPU
		{C2E5A00E-2DFB-4C6F-B0A9-A3BDF5005A43}.Release|Any CPU.Build.0 = Release|Any CPU
		{207FB44D-154A-4272-8E46-DC35678D2BA6}.Debug|Any CPU.ActiveCfg = Debug|Any CPU
		{207FB44D-154A-4272-8E46-DC35678D2BA6}.Debug|Any CPU.Build.0 = Debug|Any CPU
		{207FB44D-154A-4272-8E46-DC35678D2BA6}.Release|Any CPU.ActiveCfg = Release|Any CPU
		{207FB44D-154A-4272-8E46-DC35678D2BA6}.Release|Any CPU.Build.0 = Release|Any CPU
	EndGlobalSection
	GlobalSection(SolutionProperties) = preSolution
		HideSolutionNode = FALSE
	EndGlobalSection
	GlobalSection(ExtensibilityGlobals) = postSolution
		SolutionGuid = {DCA8A1A6-F655-4314-ACEF-D5C2D80CB15F}
	EndGlobalSection
EndGlobal
